PODS:
  - CatalogByConvention (2.5.2)
  - DDComponent (1.0.5)
  - IBPCollectionViewCompositionalLayout (0.6.9)

DEPENDENCIES:
  - CatalogByConvention
  - DDComponent (from `../`)
  - IBPCollectionViewCompositionalLayout

SPEC REPOS:
  trunk:
    - CatalogByConvention
    - IBPCollectionViewCompositionalLayout

EXTERNAL SOURCES:
  DDComponent:
    :path: "../"

SPEC CHECKSUMS:
  CatalogByConvention: ef713654160053be026fa4648dd28caf6b5ca4e1
  DDComponent: 9f61ebeeaac2577c594280a4bda64273e24531d2
  IBPCollectionViewCompositionalLayout: bbb29e39ac564666a8c3cdb6633ed944b6feb55b

PODFILE CHECKSUM: 687b2fd0b8741bc1f0a0a611839d14d3b45add37

COCOAPODS: 1.11.2
